# This file is automatically @generated by Cargo.
# It is not intended for manual editing.
version = 3

[[package]]
name = "multi_hash"
version = "0.1.0"
dependencies = [
 "rs_sha1",
 "rs_sha224",
 "rs_sha256",
 "rs_sha384",
 "rs_sha512",
 "rs_sha512_224",
 "rs_sha512_256",
]

[[package]]
name = "rs_hasher_ctx"
version = "0.1.3"
source = "registry+https://github.com/rust-lang/crates.io-index"
checksum = "8a45ae5cc6246fa2666253289d6495e1fb3d125fb83842ff56b747a3b662e28e"
dependencies = [
 "rs_internal_hasher",
 "rs_internal_state",
 "rs_n_bit_words",
]

[[package]]
name = "rs_internal_hasher"
version = "0.1.3"
source = "registry+https://github.com/rust-lang/crates.io-index"
checksum = "19754b7c13d7fb92e995b1f6330918466e134ba7c3f55bf805c72e6a9727c426"
dependencies = [
 "rs_internal_state",
 "rs_n_bit_words",
]

[[package]]
name = "rs_internal_state"
version = "0.1.3"
source = "registry+https://github.com/rust-lang/crates.io-index"
checksum = "214a4e27fec5b651d615675874c6a829496cc2aa66e5f1b184ab05cb39fd3625"
dependencies = [
 "rs_n_bit_words",
]

[[package]]
name = "rs_n_bit_words"
version = "0.1.3"
source = "registry+https://github.com/rust-lang/crates.io-index"
checksum = "8bc1bbb4c2a60f76b331e6ba70b5065e210fa6e72fc966c2d488736755d89cb6"

[[package]]
name = "rs_sha1"
version = "0.1.3"
source = "registry+https://github.com/rust-lang/crates.io-index"
checksum = "8826674706bb09a3eee1a8eaa6328f32b6bb7358145323a9972451776c6f2316"
dependencies = [
 "rs_hasher_ctx",
 "rs_internal_hasher",
 "rs_internal_state",
 "rs_n_bit_words",
]

[[package]]
name = "rs_sha224"
version = "0.1.4"
source = "registry+https://github.com/rust-lang/crates.io-index"
checksum = "593caed0d60ef929a15844ef661f067d25a95d397bfbbb1e1be8b827a7d16929"
dependencies = [
 "rs_hasher_ctx",
 "rs_internal_hasher",
 "rs_internal_state",
 "rs_n_bit_words",
]

[[package]]
name = "rs_sha256"
version = "0.1.3"
source = "registry+https://github.com/rust-lang/crates.io-index"
checksum = "91c912130bb8cb7e73e5a77f1780522c36e4cb03d78f5f8291536216f3239108"
dependencies = [
 "rs_hasher_ctx",
 "rs_internal_hasher",
 "rs_internal_state",
 "rs_n_bit_words",
]

[[package]]
name = "rs_sha384"
version = "0.1.3"
source = "registry+https://github.com/rust-lang/crates.io-index"
checksum = "f3c8e55f0816cf7cb67d2add538463b9ce4a7888c9dc46bc96ec81d38a19c3ae"
dependencies = [
 "rs_hasher_ctx",
 "rs_internal_hasher",
 "rs_internal_state",
 "rs_n_bit_words",
]

[[package]]
name = "rs_sha512"
version = "0.1.3"
source = "registry+https://github.com/rust-lang/crates.io-index"
checksum = "78bb3ee2bcf2e0bd2ead2504c3b67d1fb34ae978a2014febc011f82fcbe58d56"
dependencies = [
 "rs_hasher_ctx",
 "rs_internal_hasher",
 "rs_internal_state",
 "rs_n_bit_words",
]

[[package]]
name = "rs_sha512_224"
version = "0.1.2"
source = "registry+https://github.com/rust-lang/crates.io-index"
checksum = "536f5cfe61bab6f4a3acd740d486e97395b20b6ede14c754a3b7ae0fc2a1b176"
dependencies = [
 "rs_hasher_ctx",
 "rs_internal_hasher",
 "rs_internal_state",
 "rs_n_bit_words",
]

[[package]]
name = "rs_sha512_256"
version = "0.1.2"
source = "registry+https://github.com/rust-lang/crates.io-index"
checksum = "6cbb617d29ec262a2e8e53f938c3bd1daefab5a7c316351e0df61bf96e1fc334"
dependencies = [
 "rs_hasher_ctx",
 "rs_internal_hasher",
 "rs_internal_state",
 "rs_n_bit_words",
]
